// !$*UTF8*$!
{
	archiveVersion = 1;
	classes = {
	};
	objectVersion = 50;
	objects = {

/* Begin PBXBuildFile section */
		4ABE0E38221B60F100F7AC4C /* AppDelegate.swift in Sources */ = {isa = PBXBuildFile; fileRef = 4ABE0E37221B60F100F7AC4C /* AppDelegate.swift */; };
		4ABE0E3A221B60F100F7AC4C /* ViewController.swift in Sources */ = {isa = PBXBuildFile; fileRef = 4ABE0E39221B60F100F7AC4C /* ViewController.swift */; };
		4ABE0E3D221B60F100F7AC4C /* Main.storyboard in Resources */ = {isa = PBXBuildFile; fileRef = 4ABE0E3B221B60F100F7AC4C /* Main.storyboard */; };
		4ABE0E3F221B60F100F7AC4C /* Assets.xcassets in Resources */ = {isa = PBXBuildFile; fileRef = 4ABE0E3E221B60F100F7AC4C /* Assets.xcassets */; };
		4ABE0E42221B60F100F7AC4C /* LaunchScreen.storyboard in Resources */ = {isa = PBXBuildFile; fileRef = 4ABE0E40221B60F100F7AC4C /* LaunchScreen.storyboard */; };
/* End PBXBuildFile section */

/* Begin PBXFileReference section */
		4ABE0E34221B60F100F7AC4C /* ToDoey.app */ = {isa = PBXFileReference; explicitFileType = wrapper.application; includeInIndex = 0; path = ToDoey.app; sourceTree = BUILT_PRODUCTS_DIR; };
		4ABE0E37221B60F100F7AC4C /* AppDelegate.swift */ = {isa = PBXFileReference; lastKnownFileType = sourcecode.swift; path = AppDelegate.swift; sourceTree = "<group>"; };
		4ABE0E39221B60F100F7AC4C /* ViewController.swift */ = {isa = PBXFileReference; lastKnownFileType = sourcecode.swift; path = ViewController.swift; sourceTree = "<group>"; };
		4ABE0E3C221B60F100F7AC4C /* Base */ = {isa = PBXFileReference; lastKnownFileType = file.storyboard; name = Base; path = Base.lproj/Main.storyboard; sourceTree = "<group>"; };
		4ABE0E3E221B60F100F7AC4C /* Assets.xcassets */ = {isa = PBXFileReference; lastKnownFileType = folder.assetcatalog; path = Assets.xcassets; sourceTree = "<group>"; };
		4ABE0E41221B60F100F7AC4C /* Base */ = {isa = PBXFileReference; lastKnownFileType = file.storyboard; name = Base; path = Base.lproj/LaunchScreen.storyboard; sourceTree = "<group>"; };
		4ABE0E43221B60F100F7AC4C /* Info.plist */ = {isa = PBXFileReference; lastKnownFileType = text.plist.xml; path = Info.plist; sourceTree = "<group>"; };
/* End PBXFileReference section */

/* Begin PBXFrameworksBuildPhase section */
		4ABE0E31221B60F100F7AC4C /* Frameworks */ = {
			isa = PBXFrameworksBuildPhase;
			buildActionMask = 2147483647;
			files = (
			);
			runOnlyForDeploymentPostprocessing = 0;
		};
/* End PBXFrameworksBuildPhase section */

/* Begin PBXGroup section */
		4ABE0E2B221B60F100F7AC4C = {
			isa = PBXGroup;
			children = (
				4ABE0E36221B60F100F7AC4C /* ToDoey */,
				4ABE0E35221B60F100F7AC4C /* Products */,
			);
			sourceTree = "<group>";
		};
		4ABE0E35221B60F100F7AC4C /* Products */ = {
			isa = PBXGroup;
			children = (
				4ABE0E34221B60F100F7AC4C /* ToDoey.app */,
			);
			name = Products;
			sourceTree = "<group>";
		};
		4ABE0E36221B60F100F7AC4C /* ToDoey */ = {
			isa = PBXGroup;
			children = (
				4ABE0E37221B60F100F7AC4C /* AppDelegate.swift */,
				4ABE0E39221B60F100F7AC4C /* ViewController.swift */,
				4ABE0E3B221B60F100F7AC4C /* Main.storyboard */,
				4ABE0E3E221B60F100F7AC4C /* Assets.xcassets */,
				4ABE0E40221B60F100F7AC4C /* LaunchScreen.storyboard */,
				4ABE0E43221B60F100F7AC4C /* Info.plist */,
			);
			path = ToDoey;
			sourceTree = "<group>";
		};
/* End PBXGroup section */

/* Begin PBXNativeTarget section */
		4ABE0E33221B60F100F7AC4C /* ToDoey */ = {
			isa = PBXNativeTarget;
			buildConfigurationList = 4ABE0E46221B60F100F7AC4C /* Build configuration list for PBXNativeTarget "ToDoey" */;
			buildPhases = (
				4ABE0E30221B60F100F7AC4C /* Sources */,
				4ABE0E31221B60F100F7AC4C /* Frameworks */,
				4ABE0E32221B60F100F7AC4C /* Resources */,
			);
			buildRules = (
			);
			dependencies = (
			);
			name = ToDoey;
			productName = ToDoey;
			productReference = 4ABE0E34221B60F100F7AC4C /* ToDoey.app */;
			productType = "com.apple.product-type.application";
		};
/* End PBXNativeTarget section */

/* Begin PBXProject section */
		4ABE0E2C221B60F100F7AC4C /* Project object */ = {
			isa = PBXProject;
			attributes = {
				LastSwiftUpdateCheck = 1010;
				LastUpgradeCheck = 1010;
				ORGANIZATIONNAME = "SHUO ZHAO";
				TargetAttributes = {
					4ABE0E33221B60F100F7AC4C = {
						CreatedOnToolsVersion = 10.1;
					};
				};
			};
			buildConfigurationList = 4ABE0E2F221B60F100F7AC4C /* Build configuration list for PBXProject "ToDoey" */;
			compatibilityVersion = "Xcode 9.3";
			developmentRegion = en;
			hasScannedForEncodings = 0;
			knownRegions = (
				en,
				Base,
			);
			mainGroup = 4ABE0E2B221B60F100F7AC4C;
			productRefGroup = 4ABE0E35221B60F100F7AC4C /* Products */;
			projectDirPath = "";
			projectRoot = "";
			targets = (
				4ABE0E33221B60F100F7AC4C /* ToDoey */,
			);
		};
/* End PBXProject section */

/* Begin PBXResourcesBuildPhase section */
		4ABE0E32221B60F100F7AC4C /* Resources */ = {
			isa = PBXResourcesBuildPhase;
			buildActionMask = 2147483647;
			files = (
				4ABE0E42221B60F100F7AC4C /* LaunchScreen.storyboard in Resources */,
				4ABE0E3F221B60F100F7AC4C /* Assets.xcassets in Resources */,
				4ABE0E3D221B60F100F7AC4C /* Main.storyboard in Resources */,
			);
			runOnlyForDeploymentPostprocessing = 0;
		};
/* End PBXResourcesBuildPhase section */

/* Begin PBXSourcesBuildPhase section */
		4ABE0E30221B60F100F7AC4C /* Sources */ = {
			isa = PBXSourcesBuildPhase;
			buildActionMask = 2147483647;
			files = (
				4ABE0E3A221B60F100F7AC4C /* ViewController.swift in Sources */,
				4ABE0E38221B60F100F7AC4C /* AppDelegate.swift in Sources */,
			);
			runOnlyForDeploymentPostprocessing = 0;
		};
/* End PBXSourcesBuildPhase section */

/* Begin PBXVariantGroup section */
		4ABE0E3B221B60F100F7AC4C /* Main.storyboard */ = {
			isa = PBXVariantGroup;
			children = (
				4ABE0E3C221B60F100F7AC4C /* Base */,
			);
			name = Main.storyboard;
			sourceTree = "<group>";
		};
		4ABE0E40221B60F100F7AC4C /* LaunchScreen.storyboard */ = {
			isa = PBXVariantGroup;
			children = (
				4ABE0E41221B60F100F7AC4C /* Base */,
			);
			name = LaunchScreen.storyboard;
			sourceTree = "<group>";
		};
/* End PBXVariantGroup section */

/* Begin XCBuildConfiguration section */
		4ABE0E44221B60F100F7AC4C /* Debug */ = {
			isa = XCBuildConfiguration;
			buildSettings = {
				ALWAYS_SEARCH_USER_PATHS = NO;
				CLANG_ANALYZER_NONNULL = YES;
				CLANG_ANALYZER_NUMBER_OBJECT_CONVERSION = YES_AGGRESSIVE;
				CLANG_CXX_LANGUAGE_STANDARD = "gnu++14";
				CLANG_CXX_LIBRARY = "libc++";
				CLANG_ENABLE_MODULES = YES;
				CLANG_ENABLE_OBJC_ARC = YES;
				CLANG_ENABLE_OBJC_WEAK = YES;
				CLANG_WARN_BLOCK_CAPTURE_AUTORELEASING = YES;
				CLANG_WARN_BOOL_CONVERSION = YES;
				CLANG_WARN_COMMA = YES;
				CLANG_WARN_CONSTANT_CONVERSION = YES;
				CLANG_WARN_DEPRECATED_OBJC_IMPLEMENTATIONS = YES;
				CLANG_WARN_DIRECT_OBJC_ISA_USAGE = YES_ERROR;
				CLANG_WARN_DOCUMENTATION_COMMENTS = YES;
				CLANG_WARN_EMPTY_BODY = YES;
				CLANG_WARN_ENUM_CONVERSION = YES;
				CLANG_WARN_INFINITE_RECURSION = YES;
				CLANG_WARN_INT_CONVERSION = YES;
				CLANG_WARN_NON_LITERAL_NULL_CONVERSION = YES;
				CLANG_WARN_OBJC_IMPLICIT_RETAIN_SELF = YES;
				CLANG_WARN_OBJC_LITERAL_CONVERSION = YES;
				CLANG_WARN_OBJC_ROOT_CLASS = YES_ERROR;
				CLANG_WARN_RANGE_LOOP_ANALYSIS = YES;
				CLANG_WARN_STRICT_PROTOTYPES = YES;
				CLANG_WARN_SUSPICIOUS_MOVE = YES;
				CLANG_WARN_UNGUARDED_AVAILABILITY = YES_AGGRESSIVE;
				CLANG_WARN_UNREACHABLE_CODE = YES;
				CLANG_WARN__DUPLICATE_METHOD_MATCH = YES;
				CODE_SIGN_IDENTITY = "iPhone Developer";
				COPY_PHASE_STRIP = NO;
				DEBUG_INFORMATION_FORMAT = dwarf;
				ENABLE_STRICT_OBJC_MSGSEND = YES;
				ENABLE_TESTABILITY = YES;
				GCC_C_LANGUAGE_STANDARD = gnu11;
				GCC_DYNAMIC_NO_PIC = NO;
				GCC_NO_COMMON_BLOCKS = YES;
				GCC_OPTIMIZATION_LEVEL = 0;
				GCC_PREPROCESSOR_DEFINITIONS = (
					"DEBUG=1",
					"$(inherited)",
				);
				GCC_WARN_64_TO_32_BIT_CONVERSION = YES;
				GCC_WARN_ABOUT_RETURN_TYPE = YES_ERROR;
				GCC_WARN_UNDECLARED_SELECTOR = YES;
				GCC_WARN_UNINITIALIZED_AUTOS = YES_AGGRESSIVE;
				GCC_WARN_UNUSED_FUNCTION = YES;
				GCC_WARN_UNUSED_VARIABLE = YES;
				IPHONEOS_DEPLOYMENT_TARGET = 12.1;
				MTL_ENABLE_DEBUG_INFO = INCLUDE_SOURCE;
				MTL_FAST_MATH = YES;
				ONLY_ACTIVE_ARCH = YES;
				SDKROOT = iphoneos;
				SWIFT_ACTIVE_COMPILATION_CONDITIONS = DEBUG;
				SWIFT_OPTIMIZATION_LEVEL = "-Onone";
			};
			name = Debug;
		};
		4ABE0E45221B60F100F7AC4C /* Release */ = {
			isa = XCBuildConfiguration;
			buildSettings = {
				ALWAYS_SEARCH_USER_PATHS = NO;
				CLANG_ANALYZER_NONNULL = YES;
				CLANG_ANALYZER_NUMBER_OBJECT_CONVERSION = YES_AGGRESSIVE;
				CLANG_CXX_LANGUAGE_STANDARD = "gnu++14";
				CLANG_CXX_LIBRARY = "libc++";
				CLANG_ENABLE_MODULES = YES;
				CLANG_ENABLE_OBJC_ARC = YES;
				CLANG_ENABLE_OBJC_WEAK = YES;
				CLANG_WARN_BLOCK_CAPTURE_AUTORELEASING = YES;
				CLANG_WARN_BOOL_CONVERSION = YES;
				CLANG_WARN_COMMA = YES;
				CLANG_WARN_CONSTANT_CONVERSION = YES;
				CLANG_WARN_DEPRECATED_OBJC_IMPLEMENTATIONS = YES;
				CLANG_WARN_DIRECT_OBJC_ISA_USAGE = YES_ERROR;
				CLANG_WARN_DOCUMENTATION_COMMENTS = YES;
				CLANG_WARN_EMPTY_BODY = YES;
				CLANG_WARN_ENUM_CONVERSION = YES;
				CLANG_WARN_INFINITE_RECURSION = YES;
				CLANG_WARN_INT_CONVERSION = YES;
				CLANG_WARN_NON_LITERAL_NULL_CONVERSION = YES;
				CLANG_WARN_OBJC_IMPLICIT_RETAIN_SELF = YES;
				CLANG_WARN_OBJC_LITERAL_CONVERSION = YES;
				CLANG_WARN_OBJC_ROOT_CLASS = YES_ERROR;
				CLANG_WARN_RANGE_LOOP_ANALYSIS = YES;
				CLANG_WARN_STRICT_PROTOTYPES = YES;
				CLANG_WARN_SUSPICIOUS_MOVE = YES;
				CLANG_WARN_UNGUARDED_AVAILABILITY = YES_AGGRESSIVE;
				CLANG_WARN_UNREACHABLE_CODE = YES;
				CLANG_WARN__DUPLICATE_METHOD_MATCH = YES;
				CODE_SIGN_IDENTITY = "iPhone Developer";
				COPY_PHASE_STRIP = NO;
				DEBUG_INFORMATION_FORMAT = "dwarf-with-dsym";
				ENABLE_NS_ASSERTIONS = NO;
				ENABLE_STRICT_OBJC_MSGSEND = YES;
				GCC_C_LANGUAGE_STANDARD = gnu11;
				GCC_NO_COMMON_BLOCKS = YES;
				GCC_WARN_64_TO_32_BIT_CONVERSION = YES;
				GCC_WARN_ABOUT_RETURN_TYPE = YES_ERROR;
				GCC_WARN_UNDECLARED_SELECTOR = YES;
				GCC_WARN_UNINITIALIZED_AUTOS = YES_AGGRESSIVE;
				GCC_WARN_UNUSED_FUNCTION = YES;
				GCC_WARN_UNUSED_VARIABLE = YES;
				IPHONEOS_DEPLOYMENT_TARGET = 12.1;
				MTL_ENABLE_DEBUG_INFO = NO;
				MTL_FAST_MATH = YES;
				SDKROOT = iphoneos;
				SWIFT_COMPILATION_MODE = wholemodule;
				SWIFT_OPTIMIZATION_LEVEL = "-O";
				VALIDATE_PRODUCT = YES;
			};
			name = Release;
		};
		4ABE0E47221B60F100F7AC4C /* Debug */ = {
			isa = XCBuildConfiguration;
			buildSettings = {
				ASSETCATALOG_COMPILER_APPICON_NAME = AppIcon;
				CODE_SIGN_STYLE = Automatic;
				DEVELOPMENT_TEAM = 4J8C5Y7BZG;
				INFOPLIST_FILE = ToDoey/Info.plist;
				LD_RUNPATH_SEARCH_PATHS = (
					"$(inherited)",
					"@executable_path/Frameworks",
				);
				PRODUCT_BUNDLE_IDENTIFIER = com.sz.ToDoey;
				PRODUCT_NAME = "$(TARGET_NAME)";
				SWIFT_VERSION = 4.2;
				TARGETED_DEVICE_FAMILY = "1,2";
			};
			name = Debug;
		};
		4ABE0E48221B60F100F7AC4C /* Release */ = {
			isa = XCBuildConfiguration;
			buildSettings = {
				ASSETCATALOG_COMPILER_APPICON_NAME = AppIcon;
				CODE_SIGN_STYLE = Automatic;
				DEVELOPMENT_TEAM = 4J8C5Y7BZG;
				INFOPLIST_FILE = ToDoey/Info.plist;
				LD_RUNPATH_SEARCH_PATHS = (
					"$(inherited)",
					"@executable_path/Frameworks",
				);
				PRODUCT_BUNDLE_IDENTIFIER = com.sz.ToDoey;
				PRODUCT_NAME = "$(TARGET_NAME)";
				SWIFT_VERSION = 4.2;
				TARGETED_DEVICE_FAMILY = "1,2";
			};
			name = Release;
		};
/* End XCBuildConfiguration section */

/* Begin XCConfigurationList section */
		4ABE0E2F221B60F100F7AC4C /* Build configuration list for PBXProject "ToDoey" */ = {
			isa = XCConfigurationList;
			buildConfigurations = (
				4ABE0E44221B60F100F7AC4C /* Debug */,
				4ABE0E45221B60F100F7AC4C /* Release */,
			);
			defaultConfigurationIsVisible = 0;
			defaultConfigurationName = Release;
		};
		4ABE0E46221B60F100F7AC4C /* Build configuration list for PBXNativeTarget "ToDoey" */ = {
			isa = XCConfigurationList;
			buildConfigurations = (
				4ABE0E47221B60F100F7AC4C /* Debug */,
				4ABE0E48221B60F100F7AC4C /* Release */,
			);
			defaultConfigurationIsVisible = 0;
			defaultConfigurationName = Release;
		};
/* End XCConfigurationList section */
	};
	rootObject = 4ABE0E2C221B60F100F7AC4C /* Project object */;
}
